
Microsoft Visual Studio Solution File, Format Version 12.00
Project("{2150E333-8FDC-42A3-9474-1A3956D46DE8}") = "Tests", "Tests", "{352E8607-EE08-4EEE-AE3A-238209EF3A36}"
EndProject
Project("{FAE04EC0-301F-11D3-BF4B-00C04F79EFBC}") = "PolestarApi.App", "src\PolestarApi.App\PolestarApi.App.csproj", "{AE641C9D-74E0-48FF-B390-3427BBAF010C}"
EndProject
Project("{FAE04EC0-301F-11D3-BF4B-00C04F79EFBC}") = "PolestarApi.Contracts", "src\PolestarApi.Contracts\PolestarApi.Contracts.csproj", "{2C391FD1-D53F-45C1-90A3-E859DBE39DE2}"
EndProject
Project("{FAE04EC0-301F-11D3-BF4B-00C04F79EFBC}") = "PolestarApi.Authentication", "src\PolestarApi.Authentication\PolestarApi.Authentication.csproj", "{B508D7C7-B448-463A-824E-104D502065D5}"
EndProject
Global
	GlobalSection(SolutionConfigurationPlatforms) = preSolution
		Debug|Any CPU = Debug|Any CPU
		Release|Any CPU = Release|Any CPU
	EndGlobalSection
	GlobalSection(ProjectConfigurationPlatforms) = postSolution
		{AE641C9D-74E0-48FF-B390-3427BBAF010C}.Debug|Any CPU.ActiveCfg = Debug|Any CPU
		{AE641C9D-74E0-48FF-B390-3427BBAF010C}.Debug|Any CPU.Build.0 = Debug|Any CPU
		{AE641C9D-74E0-48FF-B390-3427BBAF010C}.Release|Any CPU.ActiveCfg = Release|Any CPU
		{AE641C9D-74E0-48FF-B390-3427BBAF010C}.Release|Any CPU.Build.0 = Release|Any CPU
		{2C391FD1-D53F-45C1-90A3-E859DBE39DE2}.Debug|Any CPU.ActiveCfg = Debug|Any CPU
		{2C391FD1-D53F-45C1-90A3-E859DBE39DE2}.Debug|Any CPU.Build.0 = Debug|Any CPU
		{2C391FD1-D53F-45C1-90A3-E859DBE39DE2}.Release|Any CPU.ActiveCfg = Release|Any CPU
		{2C391FD1-D53F-45C1-90A3-E859DBE39DE2}.Release|Any CPU.Build.0 = Release|Any CPU
		{B508D7C7-B448-463A-824E-104D502065D5}.Debug|Any CPU.ActiveCfg = Debug|Any CPU
		{B508D7C7-B448-463A-824E-104D502065D5}.Debug|Any CPU.Build.0 = Debug|Any CPU
		{B508D7C7-B448-463A-824E-104D502065D5}.Release|Any CPU.ActiveCfg = Release|Any CPU
		{B508D7C7-B448-463A-824E-104D502065D5}.Release|Any CPU.Build.0 = Release|Any CPU
	EndGlobalSection
EndGlobal
